
Microsoft Visual Studio Solution File, Format Version 11.00
# Visual Studio 2010
Project("{FAE04EC0-301F-11D3-BF4B-00C04F79EFBC}") = "UnityEngine.UI", "UnityEngine.UI.csproj", "{6e23ee03-ece5-6187-beed-52995e4c3498}"
EndProject
Project("{FAE04EC0-301F-11D3-BF4B-00C04F79EFBC}") = "Assembly-CSharp", "Assembly-CSharp.csproj", "{6db388a3-d038-7757-9ee9-58fbc4990315}"
EndProject
Project("{FAE04EC0-301F-11D3-BF4B-00C04F79EFBC}") = "UnityEditor.UI", "UnityEditor.UI.csproj", "{b354c808-a38e-50a6-d588-a41a2e7d887f}"
EndProject
Global
	GlobalSection(SolutionConfigurationPlatforms) = preSolution
		Debug|Any CPU = Debug|Any CPU
	EndGlobalSection
	GlobalSection(ProjectConfigurationPlatforms) = postSolution
		{6e23ee03-ece5-6187-beed-52995e4c3498}.Debug|Any CPU.ActiveCfg = Debug|Any CPU
		{6e23ee03-ece5-6187-beed-52995e4c3498}.Debug|Any CPU.Build.0 = Debug|Any CPU
		{6db388a3-d038-7757-9ee9-58fbc4990315}.Debug|Any CPU.ActiveCfg = Debug|Any CPU
		{6db388a3-d038-7757-9ee9-58fbc4990315}.Debug|Any CPU.Build.0 = Debug|Any CPU
		{b354c808-a38e-50a6-d588-a41a2e7d887f}.Debug|Any CPU.ActiveCfg = Debug|Any CPU
		{b354c808-a38e-50a6-d588-a41a2e7d887f}.Debug|Any CPU.Build.0 = Debug|Any CPU
	EndGlobalSection
	GlobalSection(SolutionProperties) = preSolution
		HideSolutionNode = FALSE
	EndGlobalSection
EndGlobal
